Microsoft Visual Studio Solution File, Format Version 12.00
# Visual Studio Version 17
VisualStudioVersion = 17.5.2.0
MinimumVisualStudioVersion = 10.0.40219.1
Project("{FAE04EC0-301F-11D3-BF4B-00C04F79EFBC}") = "BehavioralPattern", "BehavioralPattern.csproj", "{4C876C4C-388C-7D3D-3CC0-6AA4E99CD12D}"
EndProject
Global
	GlobalSection(SolutionConfigurationPlatforms) = preSolution
		Debug|Any CPU = Debug|Any CPU
		Release|Any CPU = Release|Any CPU
	EndGlobalSection
	GlobalSection(ProjectConfigurationPlatforms) = postSolution
		{4C876C4C-388C-7D3D-3CC0-6AA4E99CD12D}.Debug|Any CPU.ActiveCfg = Debug|Any CPU
		{4C876C4C-388C-7D3D-3CC0-6AA4E99CD12D}.Debug|Any CPU.Build.0 = Debug|Any CPU
		{4C876C4C-388C-7D3D-3CC0-6AA4E99CD12D}.Release|Any CPU.ActiveCfg = Release|Any CPU
		{4C876C4C-388C-7D3D-3CC0-6AA4E99CD12D}.Release|Any CPU.Build.0 = Release|Any CPU
	EndGlobalSection
	GlobalSection(SolutionProperties) = preSolution
		HideSolutionNode = FALSE
	EndGlobalSection
	GlobalSection(ExtensibilityGlobals) = postSolution
		SolutionGuid = {DAF3A098-310D-4F72-9CE3-2E08AA7F1970}
	EndGlobalSection
EndGlobal
