Microsoft Visual Studio Solution File, Format Version 12.00
# Visual Studio Version 17
VisualStudioVersion = 17.5.2.0
MinimumVisualStudioVersion = 10.0.40219.1
Project("{FAE04EC0-301F-11D3-BF4B-00C04F79EFBC}") = "OrgManager", "OrgManager.csproj", "{DAAD0FC3-AED5-88A8-E028-854FD9AD36BC}"
EndProject
Global
	GlobalSection(SolutionConfigurationPlatforms) = preSolution
		Debug|Any CPU = Debug|Any CPU
		Release|Any CPU = Release|Any CPU
	EndGlobalSection
	GlobalSection(ProjectConfigurationPlatforms) = postSolution
		{DAAD0FC3-AED5-88A8-E028-854FD9AD36BC}.Debug|Any CPU.ActiveCfg = Debug|Any CPU
		{DAAD0FC3-AED5-88A8-E028-854FD9AD36BC}.Debug|Any CPU.Build.0 = Debug|Any CPU
		{DAAD0FC3-AED5-88A8-E028-854FD9AD36BC}.Release|Any CPU.ActiveCfg = Release|Any CPU
		{DAAD0FC3-AED5-88A8-E028-854FD9AD36BC}.Release|Any CPU.Build.0 = Release|Any CPU
	EndGlobalSection
	GlobalSection(SolutionProperties) = preSolution
		HideSolutionNode = FALSE
	EndGlobalSection
	GlobalSection(ExtensibilityGlobals) = postSolution
		SolutionGuid = {298FBD2B-13BC-4E69-AB1E-F3B397809F03}
	EndGlobalSection
EndGlobal
