Microsoft Visual Studio Solution File, Format Version 12.00
# Visual Studio Version 17
VisualStudioVersion = 17.5.2.0
MinimumVisualStudioVersion = 10.0.40219.1
Project("{FAE04EC0-301F-11D3-BF4B-00C04F79EFBC}") = "AdventureWorksLT2019-2", "AdventureWorksLT2019-2.csproj", "{B831E196-C11E-32AD-90AE-A98277A78F90}"
EndProject
Global
	GlobalSection(SolutionConfigurationPlatforms) = preSolution
		Debug|Any CPU = Debug|Any CPU
		Release|Any CPU = Release|Any CPU
	EndGlobalSection
	GlobalSection(ProjectConfigurationPlatforms) = postSolution
		{B831E196-C11E-32AD-90AE-A98277A78F90}.Debug|Any CPU.ActiveCfg = Debug|Any CPU
		{B831E196-C11E-32AD-90AE-A98277A78F90}.Debug|Any CPU.Build.0 = Debug|Any CPU
		{B831E196-C11E-32AD-90AE-A98277A78F90}.Release|Any CPU.ActiveCfg = Release|Any CPU
		{B831E196-C11E-32AD-90AE-A98277A78F90}.Release|Any CPU.Build.0 = Release|Any CPU
	EndGlobalSection
	GlobalSection(SolutionProperties) = preSolution
		HideSolutionNode = FALSE
	EndGlobalSection
	GlobalSection(ExtensibilityGlobals) = postSolution
		SolutionGuid = {B9343C12-1153-407D-8C17-26A60A626C2E}
	EndGlobalSection
EndGlobal
