
Microsoft Visual Studio Solution File, Format Version 12.00
# Visual Studio Version 17
VisualStudioVersion = 17.0.31903.59
MinimumVisualStudioVersion = 10.0.40219.1
Project("{FAE04EC0-301F-11D3-BF4B-00C04F79EFBC}") = "Api", "Api\Api.csproj", "{EEF3965A-5CF6-4AA4-9E57-87E5A7A0692A}"
EndProject
Project("{FAE04EC0-301F-11D3-BF4B-00C04F79EFBC}") = "Application", "Application\Application.csproj", "{13C11A91-A5D1-45B4-9AD0-666A13702F26}"
EndProject
Project("{FAE04EC0-301F-11D3-BF4B-00C04F79EFBC}") = "Infrastructure", "Infrastructure\Infrastructure.csproj", "{2781533A-6582-4745-ADE1-CAF6B930BDA0}"
EndProject
Project("{FAE04EC0-301F-11D3-BF4B-00C04F79EFBC}") = "Domain", "Domain\Domain.csproj", "{F20C3A1B-8060-4C55-BA18-D693BAF6B237}"
EndProject
Global
	GlobalSection(SolutionConfigurationPlatforms) = preSolution
		Debug|Any CPU = Debug|Any CPU
		Release|Any CPU = Release|Any CPU
	EndGlobalSection
	GlobalSection(SolutionProperties) = preSolution
		HideSolutionNode = FALSE
	EndGlobalSection
	GlobalSection(ProjectConfigurationPlatforms) = postSolution
		{EEF3965A-5CF6-4AA4-9E57-87E5A7A0692A}.Debug|Any CPU.ActiveCfg = Debug|Any CPU
		{EEF3965A-5CF6-4AA4-9E57-87E5A7A0692A}.Debug|Any CPU.Build.0 = Debug|Any CPU
		{EEF3965A-5CF6-4AA4-9E57-87E5A7A0692A}.Release|Any CPU.ActiveCfg = Release|Any CPU
		{EEF3965A-5CF6-4AA4-9E57-87E5A7A0692A}.Release|Any CPU.Build.0 = Release|Any CPU
		{13C11A91-A5D1-45B4-9AD0-666A13702F26}.Debug|Any CPU.ActiveCfg = Debug|Any CPU
		{13C11A91-A5D1-45B4-9AD0-666A13702F26}.Debug|Any CPU.Build.0 = Debug|Any CPU
		{13C11A91-A5D1-45B4-9AD0-666A13702F26}.Release|Any CPU.ActiveCfg = Release|Any CPU
		{13C11A91-A5D1-45B4-9AD0-666A13702F26}.Release|Any CPU.Build.0 = Release|Any CPU
		{2781533A-6582-4745-ADE1-CAF6B930BDA0}.Debug|Any CPU.ActiveCfg = Debug|Any CPU
		{2781533A-6582-4745-ADE1-CAF6B930BDA0}.Debug|Any CPU.Build.0 = Debug|Any CPU
		{2781533A-6582-4745-ADE1-CAF6B930BDA0}.Release|Any CPU.ActiveCfg = Release|Any CPU
		{2781533A-6582-4745-ADE1-CAF6B930BDA0}.Release|Any CPU.Build.0 = Release|Any CPU
		{F20C3A1B-8060-4C55-BA18-D693BAF6B237}.Debug|Any CPU.ActiveCfg = Debug|Any CPU
		{F20C3A1B-8060-4C55-BA18-D693BAF6B237}.Debug|Any CPU.Build.0 = Debug|Any CPU
		{F20C3A1B-8060-4C55-BA18-D693BAF6B237}.Release|Any CPU.ActiveCfg = Release|Any CPU
		{F20C3A1B-8060-4C55-BA18-D693BAF6B237}.Release|Any CPU.Build.0 = Release|Any CPU
	EndGlobalSection
EndGlobal
