Microsoft Visual Studio Solution File, Format Version 12.00
# Visual Studio Version 17
VisualStudioVersion = 17.5.2.0
MinimumVisualStudioVersion = 10.0.40219.1
Project("{FAE04EC0-301F-11D3-BF4B-00C04F79EFBC}") = "MyFirstEfCoreApp", "MyFirstEfCoreApp.csproj", "{EF8DEB42-AB1D-9200-479C-A342DF8F9160}"
EndProject
Global
	GlobalSection(SolutionConfigurationPlatforms) = preSolution
		Debug|Any CPU = Debug|Any CPU
		Release|Any CPU = Release|Any CPU
	EndGlobalSection
	GlobalSection(ProjectConfigurationPlatforms) = postSolution
		{EF8DEB42-AB1D-9200-479C-A342DF8F9160}.Debug|Any CPU.ActiveCfg = Debug|Any CPU
		{EF8DEB42-AB1D-9200-479C-A342DF8F9160}.Debug|Any CPU.Build.0 = Debug|Any CPU
		{EF8DEB42-AB1D-9200-479C-A342DF8F9160}.Release|Any CPU.ActiveCfg = Release|Any CPU
		{EF8DEB42-AB1D-9200-479C-A342DF8F9160}.Release|Any CPU.Build.0 = Release|Any CPU
	EndGlobalSection
	GlobalSection(SolutionProperties) = preSolution
		HideSolutionNode = FALSE
	EndGlobalSection
	GlobalSection(ExtensibilityGlobals) = postSolution
		SolutionGuid = {B463BE30-C2FC-42B8-926A-512DF3F47DF8}
	EndGlobalSection
EndGlobal
