
Microsoft Visual Studio Solution File, Format Version 12.00
# Visual Studio Version 17
VisualStudioVersion = 17.0.31903.59
MinimumVisualStudioVersion = 10.0.40219.1
Project("{FAE04EC0-301F-11D3-BF4B-00C04F79EFBC}") = "Domain", "Domain\Domain.csproj", "{12CD6521-F26D-4C76-865F-C996D27F446C}"
EndProject
Project("{FAE04EC0-301F-11D3-BF4B-00C04F79EFBC}") = "Application", "Application\Application.csproj", "{B33284A3-60C5-44E1-B836-27794CA1FD43}"
EndProject
Project("{FAE04EC0-301F-11D3-BF4B-00C04F79EFBC}") = "Infrastructure", "Infrastructure\Infrastructure.csproj", "{E2708795-02FD-4033-AF50-FBC419648679}"
EndProject
Project("{FAE04EC0-301F-11D3-BF4B-00C04F79EFBC}") = "WebApi", "WebApi\WebApi.csproj", "{03BDE3C2-F430-449E-91B6-0AC47154546F}"
EndProject
Project("{FAE04EC0-301F-11D3-BF4B-00C04F79EFBC}") = "Tests", "Tests\Tests.csproj", "{464B1339-4AFC-4AE0-8DA3-E9F911BBC689}"
EndProject
Global
	GlobalSection(SolutionConfigurationPlatforms) = preSolution
		Debug|Any CPU = Debug|Any CPU
		Release|Any CPU = Release|Any CPU
	EndGlobalSection
	GlobalSection(SolutionProperties) = preSolution
		HideSolutionNode = FALSE
	EndGlobalSection
	GlobalSection(ProjectConfigurationPlatforms) = postSolution
		{12CD6521-F26D-4C76-865F-C996D27F446C}.Debug|Any CPU.ActiveCfg = Debug|Any CPU
		{12CD6521-F26D-4C76-865F-C996D27F446C}.Debug|Any CPU.Build.0 = Debug|Any CPU
		{12CD6521-F26D-4C76-865F-C996D27F446C}.Release|Any CPU.ActiveCfg = Release|Any CPU
		{12CD6521-F26D-4C76-865F-C996D27F446C}.Release|Any CPU.Build.0 = Release|Any CPU
		{B33284A3-60C5-44E1-B836-27794CA1FD43}.Debug|Any CPU.ActiveCfg = Debug|Any CPU
		{B33284A3-60C5-44E1-B836-27794CA1FD43}.Debug|Any CPU.Build.0 = Debug|Any CPU
		{B33284A3-60C5-44E1-B836-27794CA1FD43}.Release|Any CPU.ActiveCfg = Release|Any CPU
		{B33284A3-60C5-44E1-B836-27794CA1FD43}.Release|Any CPU.Build.0 = Release|Any CPU
		{E2708795-02FD-4033-AF50-FBC419648679}.Debug|Any CPU.ActiveCfg = Debug|Any CPU
		{E2708795-02FD-4033-AF50-FBC419648679}.Debug|Any CPU.Build.0 = Debug|Any CPU
		{E2708795-02FD-4033-AF50-FBC419648679}.Release|Any CPU.ActiveCfg = Release|Any CPU
		{E2708795-02FD-4033-AF50-FBC419648679}.Release|Any CPU.Build.0 = Release|Any CPU
		{03BDE3C2-F430-449E-91B6-0AC47154546F}.Debug|Any CPU.ActiveCfg = Debug|Any CPU
		{03BDE3C2-F430-449E-91B6-0AC47154546F}.Debug|Any CPU.Build.0 = Debug|Any CPU
		{03BDE3C2-F430-449E-91B6-0AC47154546F}.Release|Any CPU.ActiveCfg = Release|Any CPU
		{03BDE3C2-F430-449E-91B6-0AC47154546F}.Release|Any CPU.Build.0 = Release|Any CPU
		{464B1339-4AFC-4AE0-8DA3-E9F911BBC689}.Debug|Any CPU.ActiveCfg = Debug|Any CPU
		{464B1339-4AFC-4AE0-8DA3-E9F911BBC689}.Debug|Any CPU.Build.0 = Debug|Any CPU
		{464B1339-4AFC-4AE0-8DA3-E9F911BBC689}.Release|Any CPU.ActiveCfg = Release|Any CPU
		{464B1339-4AFC-4AE0-8DA3-E9F911BBC689}.Release|Any CPU.Build.0 = Release|Any CPU
	EndGlobalSection
EndGlobal
